// !$*UTF8*$!
{
	archiveVersion = 1;
	classes = {
	};
	objectVersion = 46;
	objects = {

/* Begin PBXBuildFile section */
		27E7F5008A5509B59106A8A1 /* libPods.a in Frameworks */ = {isa = PBXBuildFile; fileRef = 869973040D3AA9E91018DF26 /* libPods.a */; };
		FE1485101B7689EB0060F4A6 /* AppDelegate.swift in Sources */ = {isa = PBXBuildFile; fileRef = FE14850F1B7689EB0060F4A6 /* AppDelegate.swift */; };
		FE1485131B7689EB0060F4A6 /* Swipe.xcdatamodeld in Sources */ = {isa = PBXBuildFile; fileRef = FE1485111B7689EB0060F4A6 /* Swipe.xcdatamodeld */; };
		FE1485151B7689EB0060F4A6 /* ViewController.swift in Sources */ = {isa = PBXBuildFile; fileRef = FE1485141B7689EB0060F4A6 /* ViewController.swift */; };
		FE1485181B7689EB0060F4A6 /* Main.storyboard in Resources */ = {isa = PBXBuildFile; fileRef = FE1485161B7689EB0060F4A6 /* Main.storyboard */; };
		FE14851A1B7689EB0060F4A6 /* Images.xcassets in Resources */ = {isa = PBXBuildFile; fileRef = FE1485191B7689EB0060F4A6 /* Images.xcassets */; };
		FE14851D1B7689EB0060F4A6 /* LaunchScreen.xib in Resources */ = {isa = PBXBuildFile; fileRef = FE14851B1B7689EB0060F4A6 /* LaunchScreen.xib */; };
		FE1485291B7689EB0060F4A6 /* SwipeTests.swift in Sources */ = {isa = PBXBuildFile; fileRef = FE1485281B7689EB0060F4A6 /* SwipeTests.swift */; };
		FE1485351B768A5D0060F4A6 /* CardView.swift in Sources */ = {isa = PBXBuildFile; fileRef = FE1485341B768A5D0060F4A6 /* CardView.swift */; };
		FE1485371B7695B50060F4A6 /* SwipeView.swift in Sources */ = {isa = PBXBuildFile; fileRef = FE1485361B7695B50060F4A6 /* SwipeView.swift */; };
		FE14853A1B7699660060F4A6 /* CardsViewController.swift in Sources */ = {isa = PBXBuildFile; fileRef = FE1485391B7699660060F4A6 /* CardsViewController.swift */; };
		FE636AC51B7C130D00A64948 /* LoginViewController.swift in Sources */ = {isa = PBXBuildFile; fileRef = FE636AC41B7C130D00A64948 /* LoginViewController.swift */; };
		FE928F681B7FBD1E001CA364 /* User.swift in Sources */ = {isa = PBXBuildFile; fileRef = FE928F671B7FBD1E001CA364 /* User.swift */; };
		FE928F6A1B7FBF5D001CA364 /* ProfileViewController.swift in Sources */ = {isa = PBXBuildFile; fileRef = FE928F691B7FBF5D001CA364 /* ProfileViewController.swift */; };
		FE9EF3881B8546AD008E9CC1 /* ChatViewController.swift in Sources */ = {isa = PBXBuildFile; fileRef = FE9EF3871B8546AD008E9CC1 /* ChatViewController.swift */; };
		FEA2FA8C1B82C5EA00526268 /* MatchesTableViewController.swift in Sources */ = {isa = PBXBuildFile; fileRef = FEA2FA8B1B82C5EA00526268 /* MatchesTableViewController.swift */; };
		FEA2FA8E1B82C68A00526268 /* UserCell.swift in Sources */ = {isa = PBXBuildFile; fileRef = FEA2FA8D1B82C68A00526268 /* UserCell.swift */; };
		FEA2FA901B82CAB500526268 /* Match.swift in Sources */ = {isa = PBXBuildFile; fileRef = FEA2FA8F1B82CAB500526268 /* Match.swift */; };
		FED8B5551B78457400A8A941 /* Parse.framework in Frameworks */ = {isa = PBXBuildFile; fileRef = FED8B5531B78457400A8A941 /* Parse.framework */; };
		FED8B5561B78457400A8A941 /* ParseFacebookUtils.framework in Frameworks */ = {isa = PBXBuildFile; fileRef = FED8B5541B78457400A8A941 /* ParseFacebookUtils.framework */; };
		FED8B5581B78458800A8A941 /* AudioToolbox.framework in Frameworks */ = {isa = PBXBuildFile; fileRef = FED8B5571B78458800A8A941 /* AudioToolbox.framework */; };
		FED8B55A1B78458C00A8A941 /* CFNetwork.framework in Frameworks */ = {isa = PBXBuildFile; fileRef = FED8B5591B78458C00A8A941 /* CFNetwork.framework */; };
		FED8B55C1B78459200A8A941 /* CoreGraphics.framework in Frameworks */ = {isa = PBXBuildFile; fileRef = FED8B55B1B78459200A8A941 /* CoreGraphics.framework */; };
		FED8B55E1B78459600A8A941 /* MobileCoreServices.framework in Frameworks */ = {isa = PBXBuildFile; fileRef = FED8B55D1B78459600A8A941 /* MobileCoreServices.framework */; };
		FED8B5601B78459B00A8A941 /* QuartzCore.framework in Frameworks */ = {isa = PBXBuildFile; fileRef = FED8B55F1B78459B00A8A941 /* QuartzCore.framework */; };
		FED8B5621B7845A100A8A941 /* Security.framework in Frameworks */ = {isa = PBXBuildFile; fileRef = FED8B5611B7845A100A8A941 /* Security.framework */; };
		FED8B5641B7845A600A8A941 /* StoreKit.framework in Frameworks */ = {isa = PBXBuildFile; fileRef = FED8B5631B7845A600A8A941 /* StoreKit.framework */; };
		FED8B5661B7845AB00A8A941 /* SystemConfiguration.framework in Frameworks */ = {isa = PBXBuildFile; fileRef = FED8B5651B7845AB00A8A941 /* SystemConfiguration.framework */; };
		FED8B5681B7845AF00A8A941 /* libz.dylib in Frameworks */ = {isa = PBXBuildFile; fileRef = FED8B5671B7845AF00A8A941 /* libz.dylib */; };
		FED8B56A1B7845B600A8A941 /* libsqlite3.dylib in Frameworks */ = {isa = PBXBuildFile; fileRef = FED8B5691B7845B600A8A941 /* libsqlite3.dylib */; };
/* End PBXBuildFile section */

/* Begin PBXContainerItemProxy section */
		FE1485231B7689EB0060F4A6 /* PBXContainerItemProxy */ = {
			isa = PBXContainerItemProxy;
			containerPortal = FE1485021B7689EB0060F4A6 /* Project object */;
			proxyType = 1;
			remoteGlobalIDString = FE1485091B7689EB0060F4A6;
			remoteInfo = Swipe;
		};
/* End PBXContainerItemProxy section */

/* Begin PBXFileReference section */
		3C46A8DC180DB9FD3C016692 /* Pods.debug.xcconfig */ = {isa = PBXFileReference; includeInIndex = 1; lastKnownFileType = text.xcconfig; name = Pods.debug.xcconfig; path = "Pods/Target Support Files/Pods/Pods.debug.xcconfig"; sourceTree = "<group>"; };
		869973040D3AA9E91018DF26 /* libPods.a */ = {isa = PBXFileReference; explicitFileType = archive.ar; includeInIndex = 0; path = libPods.a; sourceTree = BUILT_PRODUCTS_DIR; };
		873FDD105AC47E8C4BA53ABA /* Pods.release.xcconfig */ = {isa = PBXFileReference; includeInIndex = 1; lastKnownFileType = text.xcconfig; name = Pods.release.xcconfig; path = "Pods/Target Support Files/Pods/Pods.release.xcconfig"; sourceTree = "<group>"; };
		FE14850A1B7689EB0060F4A6 /* Swipe.app */ = {isa = PBXFileReference; explicitFileType = wrapper.application; includeInIndex = 0; path = Swipe.app; sourceTree = BUILT_PRODUCTS_DIR; };
		FE14850E1B7689EB0060F4A6 /* Info.plist */ = {isa = PBXFileReference; lastKnownFileType = text.plist.xml; path = Info.plist; sourceTree = "<group>"; };
		FE14850F1B7689EB0060F4A6 /* AppDelegate.swift */ = {isa = PBXFileReference; lastKnownFileType = sourcecode.swift; path = AppDelegate.swift; sourceTree = "<group>"; };
		FE1485121B7689EB0060F4A6 /* Swipe.xcdatamodel */ = {isa = PBXFileReference; lastKnownFileType = wrapper.xcdatamodel; path = Swipe.xcdatamodel; sourceTree = "<group>"; };
		FE1485141B7689EB0060F4A6 /* ViewController.swift */ = {isa = PBXFileReference; lastKnownFileType = sourcecode.swift; path = ViewController.swift; sourceTree = "<group>"; };
		FE1485171B7689EB0060F4A6 /* Base */ = {isa = PBXFileReference; lastKnownFileType = file.storyboard; name = Base; path = Base.lproj/Main.storyboard; sourceTree = "<group>"; };
		FE1485191B7689EB0060F4A6 /* Images.xcassets */ = {isa = PBXFileReference; lastKnownFileType = folder.assetcatalog; path = Images.xcassets; sourceTree = "<group>"; };
		FE14851C1B7689EB0060F4A6 /* Base */ = {isa = PBXFileReference; lastKnownFileType = file.xib; name = Base; path = Base.lproj/LaunchScreen.xib; sourceTree = "<group>"; };
		FE1485221B7689EB0060F4A6 /* SwipeTests.xctest */ = {isa = PBXFileReference; explicitFileType = wrapper.cfbundle; includeInIndex = 0; path = SwipeTests.xctest; sourceTree = BUILT_PRODUCTS_DIR; };
		FE1485271B7689EB0060F4A6 /* Info.plist */ = {isa = PBXFileReference; lastKnownFileType = text.plist.xml; path = Info.plist; sourceTree = "<group>"; };
		FE1485281B7689EB0060F4A6 /* SwipeTests.swift */ = {isa = PBXFileReference; lastKnownFileType = sourcecode.swift; path = SwipeTests.swift; sourceTree = "<group>"; };
		FE1485341B768A5D0060F4A6 /* CardView.swift */ = {isa = PBXFileReference; fileEncoding = 4; lastKnownFileType = sourcecode.swift; path = CardView.swift; sourceTree = "<group>"; };
		FE1485361B7695B50060F4A6 /* SwipeView.swift */ = {isa = PBXFileReference; fileEncoding = 4; lastKnownFileType = sourcecode.swift; path = SwipeView.swift; sourceTree = "<group>"; };
		FE1485391B7699660060F4A6 /* CardsViewController.swift */ = {isa = PBXFileReference; fileEncoding = 4; lastKnownFileType = sourcecode.swift; path = CardsViewController.swift; sourceTree = "<group>"; };
		FE636AC41B7C130D00A64948 /* LoginViewController.swift */ = {isa = PBXFileReference; fileEncoding = 4; lastKnownFileType = sourcecode.swift; path = LoginViewController.swift; sourceTree = "<group>"; };
		FE928F671B7FBD1E001CA364 /* User.swift */ = {isa = PBXFileReference; fileEncoding = 4; lastKnownFileType = sourcecode.swift; path = User.swift; sourceTree = "<group>"; };
		FE928F691B7FBF5D001CA364 /* ProfileViewController.swift */ = {isa = PBXFileReference; fileEncoding = 4; lastKnownFileType = sourcecode.swift; path = ProfileViewController.swift; sourceTree = "<group>"; };
		FE9EF3871B8546AD008E9CC1 /* ChatViewController.swift */ = {isa = PBXFileReference; fileEncoding = 4; lastKnownFileType = sourcecode.swift; path = ChatViewController.swift; sourceTree = "<group>"; };
		FEA2FA8B1B82C5EA00526268 /* MatchesTableViewController.swift */ = {isa = PBXFileReference; fileEncoding = 4; lastKnownFileType = sourcecode.swift; path = MatchesTableViewController.swift; sourceTree = "<group>"; };
		FEA2FA8D1B82C68A00526268 /* UserCell.swift */ = {isa = PBXFileReference; fileEncoding = 4; lastKnownFileType = sourcecode.swift; path = UserCell.swift; sourceTree = "<group>"; };
		FEA2FA8F1B82CAB500526268 /* Match.swift */ = {isa = PBXFileReference; fileEncoding = 4; lastKnownFileType = sourcecode.swift; path = Match.swift; sourceTree = "<group>"; };
		FED8B5531B78457400A8A941 /* Parse.framework */ = {isa = PBXFileReference; lastKnownFileType = wrapper.framework; name = Parse.framework; path = "../../../Downloads/parse-library-1.7.5/Parse.framework"; sourceTree = "<group>"; };
		FED8B5541B78457400A8A941 /* ParseFacebookUtils.framework */ = {isa = PBXFileReference; lastKnownFileType = wrapper.framework; name = ParseFacebookUtils.framework; path = "../../../Downloads/parse-library-1.7.5/ParseFacebookUtils.framework"; sourceTree = "<group>"; };
		FED8B5571B78458800A8A941 /* AudioToolbox.framework */ = {isa = PBXFileReference; lastKnownFileType = wrapper.framework; name = AudioToolbox.framework; path = System/Library/Frameworks/AudioToolbox.framework; sourceTree = SDKROOT; };
		FED8B5591B78458C00A8A941 /* CFNetwork.framework */ = {isa = PBXFileReference; lastKnownFileType = wrapper.framework; name = CFNetwork.framework; path = System/Library/Frameworks/CFNetwork.framework; sourceTree = SDKROOT; };
		FED8B55B1B78459200A8A941 /* CoreGraphics.framework */ = {isa = PBXFileReference; lastKnownFileType = wrapper.framework; name = CoreGraphics.framework; path = System/Library/Frameworks/CoreGraphics.framework; sourceTree = SDKROOT; };
		FED8B55D1B78459600A8A941 /* MobileCoreServices.framework */ = {isa = PBXFileReference; lastKnownFileType = wrapper.framework; name = MobileCoreServices.framework; path = System/Library/Frameworks/MobileCoreServices.framework; sourceTree = SDKROOT; };
		FED8B55F1B78459B00A8A941 /* QuartzCore.framework */ = {isa = PBXFileReference; lastKnownFileType = wrapper.framework; name = QuartzCore.framework; path = System/Library/Frameworks/QuartzCore.framework; sourceTree = SDKROOT; };
		FED8B5611B7845A100A8A941 /* Security.framework */ = {isa = PBXFileReference; lastKnownFileType = wrapper.framework; name = Security.framework; path = System/Library/Frameworks/Security.framework; sourceTree = SDKROOT; };
		FED8B5631B7845A600A8A941 /* StoreKit.framework */ = {isa = PBXFileReference; lastKnownFileType = wrapper.framework; name = StoreKit.framework; path = System/Library/Frameworks/StoreKit.framework; sourceTree = SDKROOT; };
		FED8B5651B7845AB00A8A941 /* SystemConfiguration.framework */ = {isa = PBXFileReference; lastKnownFileType = wrapper.framework; name = SystemConfiguration.framework; path = System/Library/Frameworks/SystemConfiguration.framework; sourceTree = SDKROOT; };
		FED8B5671B7845AF00A8A941 /* libz.dylib */ = {isa = PBXFileReference; lastKnownFileType = "compiled.mach-o.dylib"; name = libz.dylib; path = usr/lib/libz.dylib; sourceTree = SDKROOT; };
		FED8B5691B7845B600A8A941 /* libsqlite3.dylib */ = {isa = PBXFileReference; lastKnownFileType = "compiled.mach-o.dylib"; name = libsqlite3.dylib; path = usr/lib/libsqlite3.dylib; sourceTree = SDKROOT; };
		FED8B56B1B78460900A8A941 /* Bridging-Header.h */ = {isa = PBXFileReference; lastKnownFileType = sourcecode.c.h; path = "Bridging-Header.h"; sourceTree = "<group>"; };
/* End PBXFileReference section */

/* Begin PBXFrameworksBuildPhase section */
		FE1485071B7689EB0060F4A6 /* Frameworks */ = {
			isa = PBXFrameworksBuildPhase;
			buildActionMask = 2147483647;
			files = (
				FED8B56A1B7845B600A8A941 /* libsqlite3.dylib in Frameworks */,
				FED8B5681B7845AF00A8A941 /* libz.dylib in Frameworks */,
				FED8B5661B7845AB00A8A941 /* SystemConfiguration.framework in Frameworks */,
				FED8B5641B7845A600A8A941 /* StoreKit.framework in Frameworks */,
				FED8B5621B7845A100A8A941 /* Security.framework in Frameworks */,
				FED8B5601B78459B00A8A941 /* QuartzCore.framework in Frameworks */,
				FED8B55E1B78459600A8A941 /* MobileCoreServices.framework in Frameworks */,
				FED8B55C1B78459200A8A941 /* CoreGraphics.framework in Frameworks */,
				FED8B55A1B78458C00A8A941 /* CFNetwork.framework in Frameworks */,
				FED8B5581B78458800A8A941 /* AudioToolbox.framework in Frameworks */,
				FED8B5561B78457400A8A941 /* ParseFacebookUtils.framework in Frameworks */,
				FED8B5551B78457400A8A941 /* Parse.framework in Frameworks */,
				27E7F5008A5509B59106A8A1 /* libPods.a in Frameworks */,
			);
			runOnlyForDeploymentPostprocessing = 0;
		};
		FE14851F1B7689EB0060F4A6 /* Frameworks */ = {
			isa = PBXFrameworksBuildPhase;
			buildActionMask = 2147483647;
			files = (
			);
			runOnlyForDeploymentPostprocessing = 0;
		};
/* End PBXFrameworksBuildPhase section */

/* Begin PBXGroup section */
		F2144F67A7A7C50E7802995D /* Pods */ = {
			isa = PBXGroup;
			children = (
				3C46A8DC180DB9FD3C016692 /* Pods.debug.xcconfig */,
				873FDD105AC47E8C4BA53ABA /* Pods.release.xcconfig */,
			);
			name = Pods;
			sourceTree = "<group>";
		};
		FE1485011B7689EB0060F4A6 = {
			isa = PBXGroup;
			children = (
				FED8B5521B7844A800A8A941 /* Frameworks */,
				FE14850C1B7689EB0060F4A6 /* Swipe */,
				FE1485251B7689EB0060F4A6 /* SwipeTests */,
				FE14850B1B7689EB0060F4A6 /* Products */,
				F2144F67A7A7C50E7802995D /* Pods */,
			);
			sourceTree = "<group>";
		};
		FE14850B1B7689EB0060F4A6 /* Products */ = {
			isa = PBXGroup;
			children = (
				FE14850A1B7689EB0060F4A6 /* Swipe.app */,
				FE1485221B7689EB0060F4A6 /* SwipeTests.xctest */,
			);
			name = Products;
			sourceTree = "<group>";
		};
		FE14850C1B7689EB0060F4A6 /* Swipe */ = {
			isa = PBXGroup;
			children = (
				FE14850F1B7689EB0060F4A6 /* AppDelegate.swift */,
				FE928F661B7FBD00001CA364 /* Data */,
				FE1485381B7699270060F4A6 /* ViewControllers */,
				FE1485331B768A3F0060F4A6 /* Views */,
				FE1485161B7689EB0060F4A6 /* Main.storyboard */,
				FE1485191B7689EB0060F4A6 /* Images.xcassets */,
				FE14851B1B7689EB0060F4A6 /* LaunchScreen.xib */,
				FE1485111B7689EB0060F4A6 /* Swipe.xcdatamodeld */,
				FE14850D1B7689EB0060F4A6 /* Supporting Files */,
			);
			path = Swipe;
			sourceTree = "<group>";
		};
		FE14850D1B7689EB0060F4A6 /* Supporting Files */ = {
			isa = PBXGroup;
			children = (
				FE14850E1B7689EB0060F4A6 /* Info.plist */,
				FED8B56B1B78460900A8A941 /* Bridging-Header.h */,
			);
			name = "Supporting Files";
			sourceTree = "<group>";
		};
		FE1485251B7689EB0060F4A6 /* SwipeTests */ = {
			isa = PBXGroup;
			children = (
				FE1485281B7689EB0060F4A6 /* SwipeTests.swift */,
				FE1485261B7689EB0060F4A6 /* Supporting Files */,
			);
			path = SwipeTests;
			sourceTree = "<group>";
		};
		FE1485261B7689EB0060F4A6 /* Supporting Files */ = {
			isa = PBXGroup;
			children = (
				FE1485271B7689EB0060F4A6 /* Info.plist */,
			);
			name = "Supporting Files";
			sourceTree = "<group>";
		};
		FE1485331B768A3F0060F4A6 /* Views */ = {
			isa = PBXGroup;
			children = (
				FE1485341B768A5D0060F4A6 /* CardView.swift */,
				FE1485361B7695B50060F4A6 /* SwipeView.swift */,
				FEA2FA8D1B82C68A00526268 /* UserCell.swift */,
			);
			name = Views;
			sourceTree = "<group>";
		};
		FE1485381B7699270060F4A6 /* ViewControllers */ = {
			isa = PBXGroup;
			children = (
				FE1485141B7689EB0060F4A6 /* ViewController.swift */,
				FE636AC41B7C130D00A64948 /* LoginViewController.swift */,
				FE1485391B7699660060F4A6 /* CardsViewController.swift */,
				FE928F691B7FBF5D001CA364 /* ProfileViewController.swift */,
				FEA2FA8B1B82C5EA00526268 /* MatchesTableViewController.swift */,
				FE9EF3871B8546AD008E9CC1 /* ChatViewController.swift */,
			);
			name = ViewControllers;
			sourceTree = "<group>";
		};
		FE928F661B7FBD00001CA364 /* Data */ = {
			isa = PBXGroup;
			children = (
				FE928F671B7FBD1E001CA364 /* User.swift */,
				FEA2FA8F1B82CAB500526268 /* Match.swift */,
			);
			name = Data;
			sourceTree = "<group>";
		};
		FED8B5521B7844A800A8A941 /* Frameworks */ = {
			isa = PBXGroup;
			children = (
				FED8B5691B7845B600A8A941 /* libsqlite3.dylib */,
				FED8B5671B7845AF00A8A941 /* libz.dylib */,
				FED8B5651B7845AB00A8A941 /* SystemConfiguration.framework */,
				FED8B5631B7845A600A8A941 /* StoreKit.framework */,
				FED8B5611B7845A100A8A941 /* Security.framework */,
				FED8B55F1B78459B00A8A941 /* QuartzCore.framework */,
				FED8B55D1B78459600A8A941 /* MobileCoreServices.framework */,
				FED8B55B1B78459200A8A941 /* CoreGraphics.framework */,
				FED8B5591B78458C00A8A941 /* CFNetwork.framework */,
				FED8B5571B78458800A8A941 /* AudioToolbox.framework */,
				FED8B5531B78457400A8A941 /* Parse.framework */,
				FED8B5541B78457400A8A941 /* ParseFacebookUtils.framework */,
				869973040D3AA9E91018DF26 /* libPods.a */,
			);
			name = Frameworks;
			sourceTree = "<group>";
		};
/* End PBXGroup section */

/* Begin PBXNativeTarget section */
		FE1485091B7689EB0060F4A6 /* Swipe */ = {
			isa = PBXNativeTarget;
			buildConfigurationList = FE14852C1B7689EB0060F4A6 /* Build configuration list for PBXNativeTarget "Swipe" */;
			buildPhases = (
				7CBBF305315348E136B7F46C /* Check Pods Manifest.lock */,
				FE1485061B7689EB0060F4A6 /* Sources */,
				FE1485071B7689EB0060F4A6 /* Frameworks */,
				FE1485081B7689EB0060F4A6 /* Resources */,
				84D22E7D11F72971A7859C7A /* Copy Pods Resources */,
			);
			buildRules = (
			);
			dependencies = (
			);
			name = Swipe;
			productName = Swipe;
			productReference = FE14850A1B7689EB0060F4A6 /* Swipe.app */;
			productType = "com.apple.product-type.application";
		};
		FE1485211B7689EB0060F4A6 /* SwipeTests */ = {
			isa = PBXNativeTarget;
			buildConfigurationList = FE14852F1B7689EB0060F4A6 /* Build configuration list for PBXNativeTarget "SwipeTests" */;
			buildPhases = (
				FE14851E1B7689EB0060F4A6 /* Sources */,
				FE14851F1B7689EB0060F4A6 /* Frameworks */,
				FE1485201B7689EB0060F4A6 /* Resources */,
			);
			buildRules = (
			);
			dependencies = (
				FE1485241B7689EB0060F4A6 /* PBXTargetDependency */,
			);
			name = SwipeTests;
			productName = SwipeTests;
			productReference = FE1485221B7689EB0060F4A6 /* SwipeTests.xctest */;
			productType = "com.apple.product-type.bundle.unit-test";
		};
/* End PBXNativeTarget section */

/* Begin PBXProject section */
		FE1485021B7689EB0060F4A6 /* Project object */ = {
			isa = PBXProject;
			attributes = {
				LastUpgradeCheck = 0640;
				ORGANIZATIONNAME = "Brett Wallace";
				TargetAttributes = {
					FE1485091B7689EB0060F4A6 = {
						CreatedOnToolsVersion = 6.4;
					};
					FE1485211B7689EB0060F4A6 = {
						CreatedOnToolsVersion = 6.4;
						TestTargetID = FE1485091B7689EB0060F4A6;
					};
				};
			};
			buildConfigurationList = FE1485051B7689EB0060F4A6 /* Build configuration list for PBXProject "Swipe" */;
			compatibilityVersion = "Xcode 3.2";
			developmentRegion = English;
			hasScannedForEncodings = 0;
			knownRegions = (
				en,
				Base,
			);
			mainGroup = FE1485011B7689EB0060F4A6;
			productRefGroup = FE14850B1B7689EB0060F4A6 /* Products */;
			projectDirPath = "";
			projectRoot = "";
			targets = (
				FE1485091B7689EB0060F4A6 /* Swipe */,
				FE1485211B7689EB0060F4A6 /* SwipeTests */,
			);
		};
/* End PBXProject section */

/* Begin PBXResourcesBuildPhase section */
		FE1485081B7689EB0060F4A6 /* Resources */ = {
			isa = PBXResourcesBuildPhase;
			buildActionMask = 2147483647;
			files = (
				FE1485181B7689EB0060F4A6 /* Main.storyboard in Resources */,
				FE14851D1B7689EB0060F4A6 /* LaunchScreen.xib in Resources */,
				FE14851A1B7689EB0060F4A6 /* Images.xcassets in Resources */,
			);
			runOnlyForDeploymentPostprocessing = 0;
		};
		FE1485201B7689EB0060F4A6 /* Resources */ = {
			isa = PBXResourcesBuildPhase;
			buildActionMask = 2147483647;
			files = (
			);
			runOnlyForDeploymentPostprocessing = 0;
		};
/* End PBXResourcesBuildPhase section */

/* Begin PBXShellScriptBuildPhase section */
		7CBBF305315348E136B7F46C /* Check Pods Manifest.lock */ = {
			isa = PBXShellScriptBuildPhase;
			buildActionMask = 2147483647;
			files = (
			);
			inputPaths = (
			);
			name = "Check Pods Manifest.lock";
			outputPaths = (
			);
			runOnlyForDeploymentPostprocessing = 0;
			shellPath = /bin/sh;
			shellScript = "diff \"${PODS_ROOT}/../Podfile.lock\" \"${PODS_ROOT}/Manifest.lock\" > /dev/null\nif [[ $? != 0 ]] ; then\n    cat << EOM\nerror: The sandbox is not in sync with the Podfile.lock. Run 'pod install' or update your CocoaPods installation.\nEOM\n    exit 1\nfi\n";
			showEnvVarsInLog = 0;
		};
		84D22E7D11F72971A7859C7A /* Copy Pods Resources */ = {
			isa = PBXShellScriptBuildPhase;
			buildActionMask = 2147483647;
			files = (
			);
			inputPaths = (
			);
			name = "Copy Pods Resources";
			outputPaths = (
			);
			runOnlyForDeploymentPostprocessing = 0;
			shellPath = /bin/sh;
			shellScript = "\"${SRCROOT}/Pods/Target Support Files/Pods/Pods-resources.sh\"\n";
			showEnvVarsInLog = 0;
		};
/* End PBXShellScriptBuildPhase section */

/* Begin PBXSourcesBuildPhase section */
		FE1485061B7689EB0060F4A6 /* Sources */ = {
			isa = PBXSourcesBuildPhase;
			buildActionMask = 2147483647;
			files = (
				FE636AC51B7C130D00A64948 /* LoginViewController.swift in Sources */,
				FE1485151B7689EB0060F4A6 /* ViewController.swift in Sources */,
				FE1485131B7689EB0060F4A6 /* Swipe.xcdatamodeld in Sources */,
				FE14853A1B7699660060F4A6 /* CardsViewController.swift in Sources */,
				FEA2FA8C1B82C5EA00526268 /* MatchesTableViewController.swift in Sources */,
				FE928F681B7FBD1E001CA364 /* User.swift in Sources */,
				FE1485351B768A5D0060F4A6 /* CardView.swift in Sources */,
				FE928F6A1B7FBF5D001CA364 /* ProfileViewController.swift in Sources */,
				FE1485371B7695B50060F4A6 /* SwipeView.swift in Sources */,
				FE9EF3881B8546AD008E9CC1 /* ChatViewController.swift in Sources */,
				FEA2FA8E1B82C68A00526268 /* UserCell.swift in Sources */,
				FE1485101B7689EB0060F4A6 /* AppDelegate.swift in Sources */,
				FEA2FA901B82CAB500526268 /* Match.swift in Sources */,
			);
			runOnlyForDeploymentPostprocessing = 0;
		};
		FE14851E1B7689EB0060F4A6 /* Sources */ = {
			isa = PBXSourcesBuildPhase;
			buildActionMask = 2147483647;
			files = (
				FE1485291B7689EB0060F4A6 /* SwipeTests.swift in Sources */,
			);
			runOnlyForDeploymentPostprocessing = 0;
		};
/* End PBXSourcesBuildPhase section */

/* Begin PBXTargetDependency section */
		FE1485241B7689EB0060F4A6 /* PBXTargetDependency */ = {
			isa = PBXTargetDependency;
			target = FE1485091B7689EB0060F4A6 /* Swipe */;
			targetProxy = FE1485231B7689EB0060F4A6 /* PBXContainerItemProxy */;
		};
/* End PBXTargetDependency section */

/* Begin PBXVariantGroup section */
		FE1485161B7689EB0060F4A6 /* Main.storyboard */ = {
			isa = PBXVariantGroup;
			children = (
				FE1485171B7689EB0060F4A6 /* Base */,
			);
			name = Main.storyboard;
			sourceTree = "<group>";
		};
		FE14851B1B7689EB0060F4A6 /* LaunchScreen.xib */ = {
			isa = PBXVariantGroup;
			children = (
				FE14851C1B7689EB0060F4A6 /* Base */,
			);
			name = LaunchScreen.xib;
			sourceTree = "<group>";
		};
/* End PBXVariantGroup section */

/* Begin XCBuildConfiguration section */
		FE14852A1B7689EB0060F4A6 /* Debug */ = {
			isa = XCBuildConfiguration;
			buildSettings = {
				ALWAYS_SEARCH_USER_PATHS = NO;
				CLANG_CXX_LANGUAGE_STANDARD = "gnu++0x";
				CLANG_CXX_LIBRARY = "libc++";
				CLANG_ENABLE_MODULES = YES;
				CLANG_ENABLE_OBJC_ARC = YES;
				CLANG_WARN_BOOL_CONVERSION = YES;
				CLANG_WARN_CONSTANT_CONVERSION = YES;
				CLANG_WARN_DIRECT_OBJC_ISA_USAGE = YES_ERROR;
				CLANG_WARN_EMPTY_BODY = YES;
				CLANG_WARN_ENUM_CONVERSION = YES;
				CLANG_WARN_INT_CONVERSION = YES;
				CLANG_WARN_OBJC_ROOT_CLASS = YES_ERROR;
				CLANG_WARN_UNREACHABLE_CODE = YES;
				CLANG_WARN__DUPLICATE_METHOD_MATCH = YES;
				"CODE_SIGN_IDENTITY[sdk=iphoneos*]" = "iPhone Developer";
				COPY_PHASE_STRIP = NO;
				DEBUG_INFORMATION_FORMAT = "dwarf-with-dsym";
				ENABLE_STRICT_OBJC_MSGSEND = YES;
				GCC_C_LANGUAGE_STANDARD = gnu99;
				GCC_DYNAMIC_NO_PIC = NO;
				GCC_NO_COMMON_BLOCKS = YES;
				GCC_OPTIMIZATION_LEVEL = 0;
				GCC_PREPROCESSOR_DEFINITIONS = (
					"DEBUG=1",
					"$(inherited)",
				);
				GCC_SYMBOLS_PRIVATE_EXTERN = NO;
				GCC_WARN_64_TO_32_BIT_CONVERSION = YES;
				GCC_WARN_ABOUT_RETURN_TYPE = YES_ERROR;
				GCC_WARN_UNDECLARED_SELECTOR = YES;
				GCC_WARN_UNINITIALIZED_AUTOS = YES_AGGRESSIVE;
				GCC_WARN_UNUSED_FUNCTION = YES;
				GCC_WARN_UNUSED_VARIABLE = YES;
				IPHONEOS_DEPLOYMENT_TARGET = 8.4;
				MTL_ENABLE_DEBUG_INFO = YES;
				ONLY_ACTIVE_ARCH = YES;
				SDKROOT = iphoneos;
				SWIFT_OPTIMIZATION_LEVEL = "-Onone";
				TARGETED_DEVICE_FAMILY = "1,2";
			};
			name = Debug;
		};
		FE14852B1B7689EB0060F4A6 /* Release */ = {
			isa = XCBuildConfiguration;
			buildSettings = {
				ALWAYS_SEARCH_USER_PATHS = NO;
				CLANG_CXX_LANGUAGE_STANDARD = "gnu++0x";
				CLANG_CXX_LIBRARY = "libc++";
				CLANG_ENABLE_MODULES = YES;
				CLANG_ENABLE_OBJC_ARC = YES;
				CLANG_WARN_BOOL_CONVERSION = YES;
				CLANG_WARN_CONSTANT_CONVERSION = YES;
				CLANG_WARN_DIRECT_OBJC_ISA_USAGE = YES_ERROR;
				CLANG_WARN_EMPTY_BODY = YES;
				CLANG_WARN_ENUM_CONVERSION = YES;
				CLANG_WARN_INT_CONVERSION = YES;
				CLANG_WARN_OBJC_ROOT_CLASS = YES_ERROR;
				CLANG_WARN_UNREACHABLE_CODE = YES;
				CLANG_WARN__DUPLICATE_METHOD_MATCH = YES;
				"CODE_SIGN_IDENTITY[sdk=iphoneos*]" = "iPhone Developer";
				COPY_PHASE_STRIP = NO;
				DEBUG_INFORMATION_FORMAT = "dwarf-with-dsym";
				ENABLE_NS_ASSERTIONS = NO;
				ENABLE_STRICT_OBJC_MSGSEND = YES;
				GCC_C_LANGUAGE_STANDARD = gnu99;
				GCC_NO_COMMON_BLOCKS = YES;
				GCC_WARN_64_TO_32_BIT_CONVERSION = YES;
				GCC_WARN_ABOUT_RETURN_TYPE = YES_ERROR;
				GCC_WARN_UNDECLARED_SELECTOR = YES;
				GCC_WARN_UNINITIALIZED_AUTOS = YES_AGGRESSIVE;
				GCC_WARN_UNUSED_FUNCTION = YES;
				GCC_WARN_UNUSED_VARIABLE = YES;
				IPHONEOS_DEPLOYMENT_TARGET = 8.4;
				MTL_ENABLE_DEBUG_INFO = NO;
				SDKROOT = iphoneos;
				TARGETED_DEVICE_FAMILY = "1,2";
				VALIDATE_PRODUCT = YES;
			};
			name = Release;
		};
		FE14852D1B7689EB0060F4A6 /* Debug */ = {
			isa = XCBuildConfiguration;
			baseConfigurationReference = 3C46A8DC180DB9FD3C016692 /* Pods.debug.xcconfig */;
			buildSettings = {
				ASSETCATALOG_COMPILER_APPICON_NAME = AppIcon;
				FRAMEWORK_SEARCH_PATHS = (
					"$(inherited)",
					"/Users/brettwallace/Downloads/parse-library-1.7.5",
				);
				INFOPLIST_FILE = Swipe/Info.plist;
				LD_RUNPATH_SEARCH_PATHS = "$(inherited) @executable_path/Frameworks";
				PRODUCT_NAME = "$(TARGET_NAME)";
				SWIFT_OBJC_BRIDGING_HEADER = "Swipe/Bridging-Header.h";
			};
			name = Debug;
		};
		FE14852E1B7689EB0060F4A6 /* Release */ = {
			isa = XCBuildConfiguration;
			baseConfigurationReference = 873FDD105AC47E8C4BA53ABA /* Pods.release.xcconfig */;
			buildSettings = {
				ASSETCATALOG_COMPILER_APPICON_NAME = AppIcon;
				FRAMEWORK_SEARCH_PATHS = (
					"$(inherited)",
					"/Users/brettwallace/Downloads/parse-library-1.7.5",
				);
				INFOPLIST_FILE = Swipe/Info.plist;
				LD_RUNPATH_SEARCH_PATHS = "$(inherited) @executable_path/Frameworks";
				PRODUCT_NAME = "$(TARGET_NAME)";
				SWIFT_OBJC_BRIDGING_HEADER = "Swipe/Bridging-Header.h";
			};
			name = Release;
		};
		FE1485301B7689EB0060F4A6 /* Debug */ = {
			isa = XCBuildConfiguration;
			buildSettings = {
				BUNDLE_LOADER = "$(TEST_HOST)";
				FRAMEWORK_SEARCH_PATHS = (
					"$(SDKROOT)/Developer/Library/Frameworks",
					"$(inherited)",
				);
				GCC_PREPROCESSOR_DEFINITIONS = (
					"DEBUG=1",
					"$(inherited)",
				);
				INFOPLIST_FILE = SwipeTests/Info.plist;
				LD_RUNPATH_SEARCH_PATHS = "$(inherited) @executable_path/Frameworks @loader_path/Frameworks";
				PRODUCT_NAME = "$(TARGET_NAME)";
				TEST_HOST = "$(BUILT_PRODUCTS_DIR)/Swipe.app/Swipe";
			};
			name = Debug;
		};
		FE1485311B7689EB0060F4A6 /* Release */ = {
			isa = XCBuildConfiguration;
			buildSettings = {
				BUNDLE_LOADER = "$(TEST_HOST)";
				FRAMEWORK_SEARCH_PATHS = (
					"$(SDKROOT)/Developer/Library/Frameworks",
					"$(inherited)",
				);
				INFOPLIST_FILE = SwipeTests/Info.plist;
				LD_RUNPATH_SEARCH_PATHS = "$(inherited) @executable_path/Frameworks @loader_path/Frameworks";
				PRODUCT_NAME = "$(TARGET_NAME)";
				TEST_HOST = "$(BUILT_PRODUCTS_DIR)/Swipe.app/Swipe";
			};
			name = Release;
		};
/* End XCBuildConfiguration section */

/* Begin XCConfigurationList section */
		FE1485051B7689EB0060F4A6 /* Build configuration list for PBXProject "Swipe" */ = {
			isa = XCConfigurationList;
			buildConfigurations = (
				FE14852A1B7689EB0060F4A6 /* Debug */,
				FE14852B1B7689EB0060F4A6 /* Release */,
			);
			defaultConfigurationIsVisible = 0;
			defaultConfigurationName = Release;
		};
		FE14852C1B7689EB0060F4A6 /* Build configuration list for PBXNativeTarget "Swipe" */ = {
			isa = XCConfigurationList;
			buildConfigurations = (
				FE14852D1B7689EB0060F4A6 /* Debug */,
				FE14852E1B7689EB0060F4A6 /* Release */,
			);
			defaultConfigurationIsVisible = 0;
			defaultConfigurationName = Release;
		};
		FE14852F1B7689EB0060F4A6 /* Build configuration list for PBXNativeTarget "SwipeTests" */ = {
			isa = XCConfigurationList;
			buildConfigurations = (
				FE1485301B7689EB0060F4A6 /* Debug */,
				FE1485311B7689EB0060F4A6 /* Release */,
			);
			defaultConfigurationIsVisible = 0;
			defaultConfigurationName = Release;
		};
/* End XCConfigurationList section */

/* Begin XCVersionGroup section */
		FE1485111B7689EB0060F4A6 /* Swipe.xcdatamodeld */ = {
			isa = XCVersionGroup;
			children = (
				FE1485121B7689EB0060F4A6 /* Swipe.xcdatamodel */,
			);
			currentVersion = FE1485121B7689EB0060F4A6 /* Swipe.xcdatamodel */;
			path = Swipe.xcdatamodeld;
			sourceTree = "<group>";
			versionGroupType = wrapper.xcdatamodel;
		};
/* End XCVersionGroup section */
	};
	rootObject = FE1485021B7689EB0060F4A6 /* Project object */;
}
